<?xml version="1.0" encoding="UTF-8" standalone="yes" ?>
<CodeBlocks_project_file>
	<FileVersion major="1" minor="6" />
	<Project>
		<Option title="Ghostrider" />
		<Option platforms="Windows;" />
		<Option pch_mode="2" />
		<Option compiler="gcc" />
		<Build>
			<Target title="Debug">
				<Option platforms="Windows;" />
				<Option output="bin/Debug/Ghostrider" prefix_auto="1" extension_auto="1" />
				<Option object_output="obj/Debug/" />
				<Option type="3" />
				<Option compiler="gcc" />
				<Option createDefFile="1" />
				<Option createStaticLib="1" />
				<Compiler>
					<Add option="-O3" />
					<Add option="-Wall" />
					<Add option="-m64" />
					<Add option="-g" />
					<Add option="-march=core-avx2" />
					<Add option="-funroll-loops" />
					<Add option="-fvariable-expansion-in-unroller" />
					<Add option="-fmerge-all-constants" />
					<Add option="-fbranch-target-load-optimize2" />
					<Add option="-fsched2-use-superblocks" />
					<Add option="-falign-loops=32" />
					<Add option="-falign-functions=32" />
					<Add option="-falign-jumps=32" />
					<Add option="-falign-labels=32" />
					<Add option="-DBUILD_DLL" />
				</Compiler>
				<Linker>
					<Add option="-static" />
					<Add option="-m64" />
					<Add library="user32" />
				</Linker>
			</Target>
			<Target title="Release">
				<Option platforms="Windows;" />
				<Option output="C:/Users/Lu/source/repos/RaptoreumDigger/RaptoreumDigger/bin/Debug/Ghostrider" prefix_auto="1" extension_auto="1" />
				<Option object_output="obj/Release/" />
				<Option type="3" />
				<Option compiler="gcc" />
				<Compiler>
					<Add option="-O3" />
					<Add option="-Wall" />
					<Add option="-m64" />
					<Add option="-march=core-avx2" />
					<Add option="-funroll-loops" />
					<Add option="-fvariable-expansion-in-unroller" />
					<Add option="-fmerge-all-constants" />
					<Add option="-fbranch-target-load-optimize2" />
					<Add option="-fsched2-use-superblocks" />
					<Add option="-falign-loops=32" />
					<Add option="-falign-functions=32" />
					<Add option="-falign-jumps=32" />
					<Add option="-falign-labels=32" />
					<Add option="-DBUILD_DLL" />
				</Compiler>
				<Linker>
					<Add option="-static" />
					<Add option="-m64" />
					<Add library="user32" />
				</Linker>
			</Target>
		</Build>
		<Unit filename="algo/cryptonote/crypto/aesb.c">
			<Option compilerVar="CC" />
		</Unit>
		<Unit filename="algo/cryptonote/crypto/c_blake256.c">
			<Option compilerVar="CC" />
		</Unit>
		<Unit filename="algo/cryptonote/crypto/c_blake256.h" />
		<Unit filename="algo/cryptonote/crypto/c_groestl.c">
			<Option compilerVar="CC" />
		</Unit>
		<Unit filename="algo/cryptonote/crypto/c_groestl.h" />
		<Unit filename="algo/cryptonote/crypto/c_jh.c">
			<Option compilerVar="CC" />
		</Unit>
		<Unit filename="algo/cryptonote/crypto/c_jh.h" />
		<Unit filename="algo/cryptonote/crypto/c_keccak.c">
			<Option compilerVar="CC" />
		</Unit>
		<Unit filename="algo/cryptonote/crypto/c_keccak.h" />
		<Unit filename="algo/cryptonote/crypto/c_skein.c">
			<Option compilerVar="CC" />
		</Unit>
		<Unit filename="algo/cryptonote/crypto/c_skein.h" />
		<Unit filename="algo/cryptonote/crypto/crypto.h" />
		<Unit filename="algo/cryptonote/crypto/groestl_tables.h" />
		<Unit filename="algo/cryptonote/crypto/hash-ops.h" />
		<Unit filename="algo/cryptonote/crypto/hash.c">
			<Option compilerVar="CC" />
		</Unit>
		<Unit filename="algo/cryptonote/crypto/hash.h" />
		<Unit filename="algo/cryptonote/crypto/int-util.h" />
		<Unit filename="algo/cryptonote/crypto/oaes_config.h" />
		<Unit filename="algo/cryptonote/crypto/oaes_lib.c">
			<Option compilerVar="CC" />
		</Unit>
		<Unit filename="algo/cryptonote/crypto/oaes_lib.h" />
		<Unit filename="algo/cryptonote/crypto/skein_port.h" />
		<Unit filename="algo/cryptonote/crypto/variant2_int_sqrt.h" />
		<Unit filename="algo/cryptonote/crypto/wild_keccak.cpp" />
		<Unit filename="algo/cryptonote/crypto/wild_keccak.h" />
		<Unit filename="algo/cryptonote/cryptonight.c">
			<Option compilerVar="CC" />
		</Unit>
		<Unit filename="algo/cryptonote/cryptonight.h" />
		<Unit filename="algo/cryptonote/cryptonight_dark.c">
			<Option compilerVar="CC" />
		</Unit>
		<Unit filename="algo/cryptonote/cryptonight_dark.h" />
		<Unit filename="algo/cryptonote/cryptonight_dark_lite.c">
			<Option compilerVar="CC" />
		</Unit>
		<Unit filename="algo/cryptonote/cryptonight_dark_lite.h" />
		<Unit filename="algo/cryptonote/cryptonight_fast.c">
			<Option compilerVar="CC" />
		</Unit>
		<Unit filename="algo/cryptonote/cryptonight_fast.h" />
		<Unit filename="algo/cryptonote/cryptonight_lite.c">
			<Option compilerVar="CC" />
		</Unit>
		<Unit filename="algo/cryptonote/cryptonight_lite.h" />
		<Unit filename="algo/cryptonote/cryptonight_soft_shell.c">
			<Option compilerVar="CC" />
		</Unit>
		<Unit filename="algo/cryptonote/cryptonight_soft_shell.h" />
		<Unit filename="algo/cryptonote/cryptonight_turtle.c">
			<Option compilerVar="CC" />
		</Unit>
		<Unit filename="algo/cryptonote/cryptonight_turtle.h" />
		<Unit filename="algo/cryptonote/cryptonight_turtle_lite.c">
			<Option compilerVar="CC" />
		</Unit>
		<Unit filename="algo/cryptonote/cryptonight_turtle_lite.h" />
		<Unit filename="algo/gr.c">
			<Option compilerVar="CC" />
		</Unit>
		<Unit filename="algo/gr.h" />
		<Unit filename="algo/sph/aes_helper.c">
			<Option compilerVar="CC" />
		</Unit>
		<Unit filename="algo/sph/blake.c">
			<Option compilerVar="CC" />
		</Unit>
		<Unit filename="algo/sph/bmw.c">
			<Option compilerVar="CC" />
		</Unit>
		<Unit filename="algo/sph/cubehash.c">
			<Option compilerVar="CC" />
		</Unit>
		<Unit filename="algo/sph/echo.c">
			<Option compilerVar="CC" />
		</Unit>
		<Unit filename="algo/sph/extra.c">
			<Option compilerVar="CC" />
		</Unit>
		<Unit filename="algo/sph/extra.h" />
		<Unit filename="algo/sph/fugue.c">
			<Option compilerVar="CC" />
		</Unit>
		<Unit filename="algo/sph/gost_streebog.c">
			<Option compilerVar="CC" />
		</Unit>
		<Unit filename="algo/sph/gost_streebog.h" />
		<Unit filename="algo/sph/groestl.c">
			<Option compilerVar="CC" />
		</Unit>
		<Unit filename="algo/sph/hamsi.c">
			<Option compilerVar="CC" />
		</Unit>
		<Unit filename="algo/sph/hamsi_helper.c">
			<Option compilerVar="CC" />
		</Unit>
		<Unit filename="algo/sph/haval.c">
			<Option compilerVar="CC" />
		</Unit>
		<Unit filename="algo/sph/jh.c">
			<Option compilerVar="CC" />
		</Unit>
		<Unit filename="algo/sph/keccak.c">
			<Option compilerVar="CC" />
		</Unit>
		<Unit filename="algo/sph/luffa.c">
			<Option compilerVar="CC" />
		</Unit>
		<Unit filename="algo/sph/lyra2.c">
			<Option compilerVar="CC" />
		</Unit>
		<Unit filename="algo/sph/lyra2.h" />
		<Unit filename="algo/sph/sha2.c">
			<Option compilerVar="CC" />
		</Unit>
		<Unit filename="algo/sph/shabal.c">
			<Option compilerVar="CC" />
		</Unit>
		<Unit filename="algo/sph/shavite.c">
			<Option compilerVar="CC" />
		</Unit>
		<Unit filename="algo/sph/simd.c">
			<Option compilerVar="CC" />
		</Unit>
		<Unit filename="algo/sph/skein.c">
			<Option compilerVar="CC" />
		</Unit>
		<Unit filename="algo/sph/sph_blake.h" />
		<Unit filename="algo/sph/sph_bmw.h" />
		<Unit filename="algo/sph/sph_cubehash.h" />
		<Unit filename="algo/sph/sph_echo.h" />
		<Unit filename="algo/sph/sph_fugue.h" />
		<Unit filename="algo/sph/sph_groestl.h" />
		<Unit filename="algo/sph/sph_hamsi.h" />
		<Unit filename="algo/sph/sph_haval.h" />
		<Unit filename="algo/sph/sph_jh.h" />
		<Unit filename="algo/sph/sph_keccak.h" />
		<Unit filename="algo/sph/sph_luffa.h" />
		<Unit filename="algo/sph/sph_sha2.c">
			<Option compilerVar="CC" />
		</Unit>
		<Unit filename="algo/sph/sph_sha2.h" />
		<Unit filename="algo/sph/sph_sha2big.c">
			<Option compilerVar="CC" />
		</Unit>
		<Unit filename="algo/sph/sph_shabal.h" />
		<Unit filename="algo/sph/sph_shavite.h" />
		<Unit filename="algo/sph/sph_simd.h" />
		<Unit filename="algo/sph/sph_skein.h" />
		<Unit filename="algo/sph/sph_tiger.h" />
		<Unit filename="algo/sph/sph_types.h" />
		<Unit filename="algo/sph/sph_whirlpool.h" />
		<Unit filename="algo/sph/sponge.c">
			<Option compilerVar="CC" />
		</Unit>
		<Unit filename="algo/sph/sponge.h" />
		<Unit filename="algo/sph/tiger.c">
			<Option compilerVar="CC" />
		</Unit>
		<Unit filename="algo/sph/whirlpool.c">
			<Option compilerVar="CC" />
		</Unit>
		<Unit filename="main.cpp" />
		<Unit filename="main.h" />
		<Extensions>
			<lib_finder disable_auto="1" />
		</Extensions>
	</Project>
</CodeBlocks_project_file>
